
Microsoft Visual Studio Solution File, Format Version 12.00
# Visual Studio Version 17
VisualStudioVersion = 17.8.34316.72
MinimumVisualStudioVersion = 10.0.40219.1
Project("{888888A0-9F3D-457C-B088-3A5042F75D52}") = "Memory Card Logika", "Memory Card Logika\Memory Card Logika.pyproj", "{E58C65AD-91F6-4000-A4BC-9B48EBD86B7E}"
EndProject
Global
	GlobalSection(SolutionConfigurationPlatforms) = preSolution
		Debug|Any CPU = Debug|Any CPU
		Release|Any CPU = Release|Any CPU
	EndGlobalSection
	GlobalSection(ProjectConfigurationPlatforms) = postSolution
		{E58C65AD-91F6-4000-A4BC-9B48EBD86B7E}.Debug|Any CPU.ActiveCfg = Debug|Any CPU
		{E58C65AD-91F6-4000-A4BC-9B48EBD86B7E}.Release|Any CPU.ActiveCfg = Release|Any CPU
	EndGlobalSection
	GlobalSection(SolutionProperties) = preSolution
		HideSolutionNode = FALSE
	EndGlobalSection
	GlobalSection(ExtensibilityGlobals) = postSolution
		SolutionGuid = {415468C6-3F18-436B-9421-EF182EB5723A}
	EndGlobalSection
EndGlobal
